
Microsoft Visual Studio Solution File, Format Version 12.00
# Visual Studio Version 17
VisualStudioVersion = 17.3.32611.2
MinimumVisualStudioVersion = 10.0.40219.1
Project("{9A19103F-16F7-4668-BE54-9A1E7A4F7556}") = "BlazorEcommerce.Server", "BlazorEcommerce\Server\BlazorEcommerce.Server.csproj", "{E1EA6C2B-6013-491E-A20F-309C2BFEB76B}"
EndProject
Project("{9A19103F-16F7-4668-BE54-9A1E7A4F7556}") = "BlazorEcommerce.Client", "BlazorEcommerce\Client\BlazorEcommerce.Client.csproj", "{BABF4E65-3743-4E03-ADBF-D527348B1C3C}"
EndProject
Project("{9A19103F-16F7-4668-BE54-9A1E7A4F7556}") = "BlazorEcommerce.Shared", "BlazorEcommerce\Shared\BlazorEcommerce.Shared.csproj", "{A1B7DB95-E4A5-4B3B-A5C7-841E02F1EB8D}"
EndProject
Global
	GlobalSection(SolutionConfigurationPlatforms) = preSolution
		Debug|Any CPU = Debug|Any CPU
		Release|Any CPU = Release|Any CPU
	EndGlobalSection
	GlobalSection(ProjectConfigurationPlatforms) = postSolution
		{E1EA6C2B-6013-491E-A20F-309C2BFEB76B}.Debug|Any CPU.ActiveCfg = Debug|Any CPU
		{E1EA6C2B-6013-491E-A20F-309C2BFEB76B}.Debug|Any CPU.Build.0 = Debug|Any CPU
		{E1EA6C2B-6013-491E-A20F-309C2BFEB76B}.Release|Any CPU.ActiveCfg = Release|Any CPU
		{E1EA6C2B-6013-491E-A20F-309C2BFEB76B}.Release|Any CPU.Build.0 = Release|Any CPU
		{BABF4E65-3743-4E03-ADBF-D527348B1C3C}.Debug|Any CPU.ActiveCfg = Debug|Any CPU
		{BABF4E65-3743-4E03-ADBF-D527348B1C3C}.Debug|Any CPU.Build.0 = Debug|Any CPU
		{BABF4E65-3743-4E03-ADBF-D527348B1C3C}.Release|Any CPU.ActiveCfg = Release|Any CPU
		{BABF4E65-3743-4E03-ADBF-D527348B1C3C}.Release|Any CPU.Build.0 = Release|Any CPU
		{A1B7DB95-E4A5-4B3B-A5C7-841E02F1EB8D}.Debug|Any CPU.ActiveCfg = Debug|Any CPU
		{A1B7DB95-E4A5-4B3B-A5C7-841E02F1EB8D}.Debug|Any CPU.Build.0 = Debug|Any CPU
		{A1B7DB95-E4A5-4B3B-A5C7-841E02F1EB8D}.Release|Any CPU.ActiveCfg = Release|Any CPU
		{A1B7DB95-E4A5-4B3B-A5C7-841E02F1EB8D}.Release|Any CPU.Build.0 = Release|Any CPU
	EndGlobalSection
	GlobalSection(SolutionProperties) = preSolution
		HideSolutionNode = FALSE
	EndGlobalSection
	GlobalSection(ExtensibilityGlobals) = postSolution
		SolutionGuid = {8C2EC8B8-2BCD-42B7-AA73-C18D8ABE7E14}
	EndGlobalSection
EndGlobal
